// !$*UTF8*$!
{
	archiveVersion = 1;
	classes = {
	};
	objectVersion = 56;
	objects = {

/* Begin PBXBuildFile section */
		66161F992B322B94003F0C47 /* GraphView.swift in Sources */ = {isa = PBXBuildFile; fileRef = 66161F982B322B94003F0C47 /* GraphView.swift */; };
		66161F9B2B385077003F0C47 /* GraphViewController.swift in Sources */ = {isa = PBXBuildFile; fileRef = 66161F9A2B385077003F0C47 /* GraphViewController.swift */; };
		66161F9D2B3851F5003F0C47 /* GraphBrain.swift in Sources */ = {isa = PBXBuildFile; fileRef = 66161F9C2B3851F5003F0C47 /* GraphBrain.swift */; };
		66161FA12B38521A003F0C47 /* FileBrain.swift in Sources */ = {isa = PBXBuildFile; fileRef = 66161FA02B38521A003F0C47 /* FileBrain.swift */; };
		66161FA32B38575D003F0C47 /* MonteCarloViewController.swift in Sources */ = {isa = PBXBuildFile; fileRef = 66161FA22B38575D003F0C47 /* MonteCarloViewController.swift */; };
		66161FA52B385794003F0C47 /* MonteCarloBrain.swift in Sources */ = {isa = PBXBuildFile; fileRef = 66161FA42B385794003F0C47 /* MonteCarloBrain.swift */; };
		66161FA72B3857B4003F0C47 /* MonteCarloView.swift in Sources */ = {isa = PBXBuildFile; fileRef = 66161FA62B3857B4003F0C47 /* MonteCarloView.swift */; };
		66602C892B18C0A1008B65C8 /* AppDelegate.swift in Sources */ = {isa = PBXBuildFile; fileRef = 66602C882B18C0A1008B65C8 /* AppDelegate.swift */; };
		66602C8B2B18C0A1008B65C8 /* SceneDelegate.swift in Sources */ = {isa = PBXBuildFile; fileRef = 66602C8A2B18C0A1008B65C8 /* SceneDelegate.swift */; };
		66602C902B18C0A1008B65C8 /* Main.storyboard in Resources */ = {isa = PBXBuildFile; fileRef = 66602C8E2B18C0A1008B65C8 /* Main.storyboard */; };
		66602C922B18C0A1008B65C8 /* Assets.xcassets in Resources */ = {isa = PBXBuildFile; fileRef = 66602C912B18C0A1008B65C8 /* Assets.xcassets */; };
		66602C952B18C0A1008B65C8 /* LaunchScreen.storyboard in Resources */ = {isa = PBXBuildFile; fileRef = 66602C932B18C0A1008B65C8 /* LaunchScreen.storyboard */; };
		66602CA02B18C0A2008B65C8 /* MonteCarloTests.swift in Sources */ = {isa = PBXBuildFile; fileRef = 66602C9F2B18C0A2008B65C8 /* MonteCarloTests.swift */; };
		66602CAA2B18C0A2008B65C8 /* MonteCarloUITests.swift in Sources */ = {isa = PBXBuildFile; fileRef = 66602CA92B18C0A2008B65C8 /* MonteCarloUITests.swift */; };
		66602CAC2B18C0A2008B65C8 /* MonteCarloUITestsLaunchTests.swift in Sources */ = {isa = PBXBuildFile; fileRef = 66602CAB2B18C0A2008B65C8 /* MonteCarloUITestsLaunchTests.swift */; };
/* End PBXBuildFile section */

/* Begin PBXContainerItemProxy section */
		66602C9C2B18C0A2008B65C8 /* PBXContainerItemProxy */ = {
			isa = PBXContainerItemProxy;
			containerPortal = 66602C7D2B18C0A1008B65C8 /* Project object */;
			proxyType = 1;
			remoteGlobalIDString = 66602C842B18C0A1008B65C8;
			remoteInfo = MonteCarlo;
		};
		66602CA62B18C0A2008B65C8 /* PBXContainerItemProxy */ = {
			isa = PBXContainerItemProxy;
			containerPortal = 66602C7D2B18C0A1008B65C8 /* Project object */;
			proxyType = 1;
			remoteGlobalIDString = 66602C842B18C0A1008B65C8;
			remoteInfo = MonteCarlo;
		};
/* End PBXContainerItemProxy section */

/* Begin PBXFileReference section */
		66161F982B322B94003F0C47 /* GraphView.swift */ = {isa = PBXFileReference; lastKnownFileType = sourcecode.swift; path = GraphView.swift; sourceTree = "<group>"; };
		66161F9A2B385077003F0C47 /* GraphViewController.swift */ = {isa = PBXFileReference; lastKnownFileType = sourcecode.swift; path = GraphViewController.swift; sourceTree = "<group>"; };
		66161F9C2B3851F5003F0C47 /* GraphBrain.swift */ = {isa = PBXFileReference; lastKnownFileType = sourcecode.swift; path = GraphBrain.swift; sourceTree = "<group>"; };
		66161FA02B38521A003F0C47 /* FileBrain.swift */ = {isa = PBXFileReference; lastKnownFileType = sourcecode.swift; path = FileBrain.swift; sourceTree = "<group>"; };
		66161FA22B38575D003F0C47 /* MonteCarloViewController.swift */ = {isa = PBXFileReference; lastKnownFileType = sourcecode.swift; path = MonteCarloViewController.swift; sourceTree = "<group>"; };
		66161FA42B385794003F0C47 /* MonteCarloBrain.swift */ = {isa = PBXFileReference; lastKnownFileType = sourcecode.swift; path = MonteCarloBrain.swift; sourceTree = "<group>"; };
		66161FA62B3857B4003F0C47 /* MonteCarloView.swift */ = {isa = PBXFileReference; lastKnownFileType = sourcecode.swift; path = MonteCarloView.swift; sourceTree = "<group>"; };
		66602C852B18C0A1008B65C8 /* MonteCarlo.app */ = {isa = PBXFileReference; explicitFileType = wrapper.application; includeInIndex = 0; path = MonteCarlo.app; sourceTree = BUILT_PRODUCTS_DIR; };
		66602C882B18C0A1008B65C8 /* AppDelegate.swift */ = {isa = PBXFileReference; lastKnownFileType = sourcecode.swift; path = AppDelegate.swift; sourceTree = "<group>"; };
		66602C8A2B18C0A1008B65C8 /* SceneDelegate.swift */ = {isa = PBXFileReference; lastKnownFileType = sourcecode.swift; path = SceneDelegate.swift; sourceTree = "<group>"; };
		66602C8F2B18C0A1008B65C8 /* Base */ = {isa = PBXFileReference; lastKnownFileType = file.storyboard; name = Base; path = Base.lproj/Main.storyboard; sourceTree = "<group>"; };
		66602C912B18C0A1008B65C8 /* Assets.xcassets */ = {isa = PBXFileReference; lastKnownFileType = folder.assetcatalog; path = Assets.xcassets; sourceTree = "<group>"; };
		66602C942B18C0A1008B65C8 /* Base */ = {isa = PBXFileReference; lastKnownFileType = file.storyboard; name = Base; path = Base.lproj/LaunchScreen.storyboard; sourceTree = "<group>"; };
		66602C962B18C0A1008B65C8 /* Info.plist */ = {isa = PBXFileReference; lastKnownFileType = text.plist.xml; path = Info.plist; sourceTree = "<group>"; };
		66602C9B2B18C0A2008B65C8 /* MonteCarloTests.xctest */ = {isa = PBXFileReference; explicitFileType = wrapper.cfbundle; includeInIndex = 0; path = MonteCarloTests.xctest; sourceTree = BUILT_PRODUCTS_DIR; };
		66602C9F2B18C0A2008B65C8 /* MonteCarloTests.swift */ = {isa = PBXFileReference; lastKnownFileType = sourcecode.swift; path = MonteCarloTests.swift; sourceTree = "<group>"; };
		66602CA52B18C0A2008B65C8 /* MonteCarloUITests.xctest */ = {isa = PBXFileReference; explicitFileType = wrapper.cfbundle; includeInIndex = 0; path = MonteCarloUITests.xctest; sourceTree = BUILT_PRODUCTS_DIR; };
		66602CA92B18C0A2008B65C8 /* MonteCarloUITests.swift */ = {isa = PBXFileReference; lastKnownFileType = sourcecode.swift; path = MonteCarloUITests.swift; sourceTree = "<group>"; };
		66602CAB2B18C0A2008B65C8 /* MonteCarloUITestsLaunchTests.swift */ = {isa = PBXFileReference; lastKnownFileType = sourcecode.swift; path = MonteCarloUITestsLaunchTests.swift; sourceTree = "<group>"; };
/* End PBXFileReference section */

/* Begin PBXFrameworksBuildPhase section */
		66602C822B18C0A1008B65C8 /* Frameworks */ = {
			isa = PBXFrameworksBuildPhase;
			buildActionMask = 2147483647;
			files = (
			);
			runOnlyForDeploymentPostprocessing = 0;
		};
		66602C982B18C0A2008B65C8 /* Frameworks */ = {
			isa = PBXFrameworksBuildPhase;
			buildActionMask = 2147483647;
			files = (
			);
			runOnlyForDeploymentPostprocessing = 0;
		};
		66602CA22B18C0A2008B65C8 /* Frameworks */ = {
			isa = PBXFrameworksBuildPhase;
			buildActionMask = 2147483647;
			files = (
			);
			runOnlyForDeploymentPostprocessing = 0;
		};
/* End PBXFrameworksBuildPhase section */

/* Begin PBXGroup section */
		66602C7C2B18C0A1008B65C8 = {
			isa = PBXGroup;
			children = (
				66602C872B18C0A1008B65C8 /* MonteCarlo */,
				66602C9E2B18C0A2008B65C8 /* MonteCarloTests */,
				66602CA82B18C0A2008B65C8 /* MonteCarloUITests */,
				66602C862B18C0A1008B65C8 /* Products */,
			);
			sourceTree = "<group>";
		};
		66602C862B18C0A1008B65C8 /* Products */ = {
			isa = PBXGroup;
			children = (
				66602C852B18C0A1008B65C8 /* MonteCarlo.app */,
				66602C9B2B18C0A2008B65C8 /* MonteCarloTests.xctest */,
				66602CA52B18C0A2008B65C8 /* MonteCarloUITests.xctest */,
			);
			name = Products;
			sourceTree = "<group>";
		};
		66602C872B18C0A1008B65C8 /* MonteCarlo */ = {
			isa = PBXGroup;
			children = (
				66602CB82B18C0B3008B65C8 /* SupportingFiles */,
				66602C8E2B18C0A1008B65C8 /* Main.storyboard */,
				66602C912B18C0A1008B65C8 /* Assets.xcassets */,
				66602C932B18C0A1008B65C8 /* LaunchScreen.storyboard */,
				66602C962B18C0A1008B65C8 /* Info.plist */,
				66161F982B322B94003F0C47 /* GraphView.swift */,
				66161F9A2B385077003F0C47 /* GraphViewController.swift */,
				66161F9C2B3851F5003F0C47 /* GraphBrain.swift */,
				66161FA02B38521A003F0C47 /* FileBrain.swift */,
				66161FA22B38575D003F0C47 /* MonteCarloViewController.swift */,
				66161FA42B385794003F0C47 /* MonteCarloBrain.swift */,
				66161FA62B3857B4003F0C47 /* MonteCarloView.swift */,
			);
			path = MonteCarlo;
			sourceTree = "<group>";
		};
		66602C9E2B18C0A2008B65C8 /* MonteCarloTests */ = {
			isa = PBXGroup;
			children = (
				66602C9F2B18C0A2008B65C8 /* MonteCarloTests.swift */,
			);
			path = MonteCarloTests;
			sourceTree = "<group>";
		};
		66602CA82B18C0A2008B65C8 /* MonteCarloUITests */ = {
			isa = PBXGroup;
			children = (
				66602CA92B18C0A2008B65C8 /* MonteCarloUITests.swift */,
				66602CAB2B18C0A2008B65C8 /* MonteCarloUITestsLaunchTests.swift */,
			);
			path = MonteCarloUITests;
			sourceTree = "<group>";
		};
		66602CB82B18C0B3008B65C8 /* SupportingFiles */ = {
			isa = PBXGroup;
			children = (
				66602C882B18C0A1008B65C8 /* AppDelegate.swift */,
				66602C8A2B18C0A1008B65C8 /* SceneDelegate.swift */,
			);
			path = SupportingFiles;
			sourceTree = "<group>";
		};
/* End PBXGroup section */

/* Begin PBXNativeTarget section */
		66602C842B18C0A1008B65C8 /* MonteCarlo */ = {
			isa = PBXNativeTarget;
			buildConfigurationList = 66602CAF2B18C0A2008B65C8 /* Build configuration list for PBXNativeTarget "MonteCarlo" */;
			buildPhases = (
				66602C812B18C0A1008B65C8 /* Sources */,
				66602C822B18C0A1008B65C8 /* Frameworks */,
				66602C832B18C0A1008B65C8 /* Resources */,
			);
			buildRules = (
			);
			dependencies = (
			);
			name = MonteCarlo;
			productName = MonteCarlo;
			productReference = 66602C852B18C0A1008B65C8 /* MonteCarlo.app */;
			productType = "com.apple.product-type.application";
		};
		66602C9A2B18C0A2008B65C8 /* MonteCarloTests */ = {
			isa = PBXNativeTarget;
			buildConfigurationList = 66602CB22B18C0A2008B65C8 /* Build configuration list for PBXNativeTarget "MonteCarloTests" */;
			buildPhases = (
				66602C972B18C0A2008B65C8 /* Sources */,
				66602C982B18C0A2008B65C8 /* Frameworks */,
				66602C992B18C0A2008B65C8 /* Resources */,
			);
			buildRules = (
			);
			dependencies = (
				66602C9D2B18C0A2008B65C8 /* PBXTargetDependency */,
			);
			name = MonteCarloTests;
			productName = MonteCarloTests;
			productReference = 66602C9B2B18C0A2008B65C8 /* MonteCarloTests.xctest */;
			productType = "com.apple.product-type.bundle.unit-test";
		};
		66602CA42B18C0A2008B65C8 /* MonteCarloUITests */ = {
			isa = PBXNativeTarget;
			buildConfigurationList = 66602CB52B18C0A2008B65C8 /* Build configuration list for PBXNativeTarget "MonteCarloUITests" */;
			buildPhases = (
				66602CA12B18C0A2008B65C8 /* Sources */,
				66602CA22B18C0A2008B65C8 /* Frameworks */,
				66602CA32B18C0A2008B65C8 /* Resources */,
			);
			buildRules = (
			);
			dependencies = (
				66602CA72B18C0A2008B65C8 /* PBXTargetDependency */,
			);
			name = MonteCarloUITests;
			productName = MonteCarloUITests;
			productReference = 66602CA52B18C0A2008B65C8 /* MonteCarloUITests.xctest */;
			productType = "com.apple.product-type.bundle.ui-testing";
		};
/* End PBXNativeTarget section */

/* Begin PBXProject section */
		66602C7D2B18C0A1008B65C8 /* Project object */ = {
			isa = PBXProject;
			attributes = {
				BuildIndependentTargetsInParallel = 1;
				LastSwiftUpdateCheck = 1430;
				LastUpgradeCheck = 1430;
				TargetAttributes = {
					66602C842B18C0A1008B65C8 = {
						CreatedOnToolsVersion = 14.3.1;
					};
					66602C9A2B18C0A2008B65C8 = {
						CreatedOnToolsVersion = 14.3.1;
						TestTargetID = 66602C842B18C0A1008B65C8;
					};
					66602CA42B18C0A2008B65C8 = {
						CreatedOnToolsVersion = 14.3.1;
						TestTargetID = 66602C842B18C0A1008B65C8;
					};
				};
			};
			buildConfigurationList = 66602C802B18C0A1008B65C8 /* Build configuration list for PBXProject "MonteCarlo" */;
			compatibilityVersion = "Xcode 14.0";
			developmentRegion = en;
			hasScannedForEncodings = 0;
			knownRegions = (
				en,
				Base,
			);
			mainGroup = 66602C7C2B18C0A1008B65C8;
			productRefGroup = 66602C862B18C0A1008B65C8 /* Products */;
			projectDirPath = "";
			projectRoot = "";
			targets = (
				66602C842B18C0A1008B65C8 /* MonteCarlo */,
				66602C9A2B18C0A2008B65C8 /* MonteCarloTests */,
				66602CA42B18C0A2008B65C8 /* MonteCarloUITests */,
			);
		};
/* End PBXProject section */

/* Begin PBXResourcesBuildPhase section */
		66602C832B18C0A1008B65C8 /* Resources */ = {
			isa = PBXResourcesBuildPhase;
			buildActionMask = 2147483647;
			files = (
				66602C952B18C0A1008B65C8 /* LaunchScreen.storyboard in Resources */,
				66602C922B18C0A1008B65C8 /* Assets.xcassets in Resources */,
				66602C902B18C0A1008B65C8 /* Main.storyboard in Resources */,
			);
			runOnlyForDeploymentPostprocessing = 0;
		};
		66602C992B18C0A2008B65C8 /* Resources */ = {
			isa = PBXResourcesBuildPhase;
			buildActionMask = 2147483647;
			files = (
			);
			runOnlyForDeploymentPostprocessing = 0;
		};
		66602CA32B18C0A2008B65C8 /* Resources */ = {
			isa = PBXResourcesBuildPhase;
			buildActionMask = 2147483647;
			files = (
			);
			runOnlyForDeploymentPostprocessing = 0;
		};
/* End PBXResourcesBuildPhase section */

/* Begin PBXSourcesBuildPhase section */
		66602C812B18C0A1008B65C8 /* Sources */ = {
			isa = PBXSourcesBuildPhase;
			buildActionMask = 2147483647;
			files = (
				66161FA52B385794003F0C47 /* MonteCarloBrain.swift in Sources */,
				66161F9D2B3851F5003F0C47 /* GraphBrain.swift in Sources */,
				66161FA72B3857B4003F0C47 /* MonteCarloView.swift in Sources */,
				66161F992B322B94003F0C47 /* GraphView.swift in Sources */,
				66161F9B2B385077003F0C47 /* GraphViewController.swift in Sources */,
				66161FA12B38521A003F0C47 /* FileBrain.swift in Sources */,
				66602C892B18C0A1008B65C8 /* AppDelegate.swift in Sources */,
				66161FA32B38575D003F0C47 /* MonteCarloViewController.swift in Sources */,
				66602C8B2B18C0A1008B65C8 /* SceneDelegate.swift in Sources */,
			);
			runOnlyForDeploymentPostprocessing = 0;
		};
		66602C972B18C0A2008B65C8 /* Sources */ = {
			isa = PBXSourcesBuildPhase;
			buildActionMask = 2147483647;
			files = (
				66602CA02B18C0A2008B65C8 /* MonteCarloTests.swift in Sources */,
			);
			runOnlyForDeploymentPostprocessing = 0;
		};
		66602CA12B18C0A2008B65C8 /* Sources */ = {
			isa = PBXSourcesBuildPhase;
			buildActionMask = 2147483647;
			files = (
				66602CAC2B18C0A2008B65C8 /* MonteCarloUITestsLaunchTests.swift in Sources */,
				66602CAA2B18C0A2008B65C8 /* MonteCarloUITests.swift in Sources */,
			);
			runOnlyForDeploymentPostprocessing = 0;
		};
/* End PBXSourcesBuildPhase section */

/* Begin PBXTargetDependency section */
		66602C9D2B18C0A2008B65C8 /* PBXTargetDependency */ = {
			isa = PBXTargetDependency;
			target = 66602C842B18C0A1008B65C8 /* MonteCarlo */;
			targetProxy = 66602C9C2B18C0A2008B65C8 /* PBXContainerItemProxy */;
		};
		66602CA72B18C0A2008B65C8 /* PBXTargetDependency */ = {
			isa = PBXTargetDependency;
			target = 66602C842B18C0A1008B65C8 /* MonteCarlo */;
			targetProxy = 66602CA62B18C0A2008B65C8 /* PBXContainerItemProxy */;
		};
/* End PBXTargetDependency section */

/* Begin PBXVariantGroup section */
		66602C8E2B18C0A1008B65C8 /* Main.storyboard */ = {
			isa = PBXVariantGroup;
			children = (
				66602C8F2B18C0A1008B65C8 /* Base */,
			);
			name = Main.storyboard;
			sourceTree = "<group>";
		};
		66602C932B18C0A1008B65C8 /* LaunchScreen.storyboard */ = {
			isa = PBXVariantGroup;
			children = (
				66602C942B18C0A1008B65C8 /* Base */,
			);
			name = LaunchScreen.storyboard;
			sourceTree = "<group>";
		};
/* End PBXVariantGroup section */

/* Begin XCBuildConfiguration section */
		66602CAD2B18C0A2008B65C8 /* Debug */ = {
			isa = XCBuildConfiguration;
			buildSettings = {
				ALWAYS_SEARCH_USER_PATHS = NO;
				CLANG_ANALYZER_NONNULL = YES;
				CLANG_ANALYZER_NUMBER_OBJECT_CONVERSION = YES_AGGRESSIVE;
				CLANG_CXX_LANGUAGE_STANDARD = "gnu++20";
				CLANG_ENABLE_MODULES = YES;
				CLANG_ENABLE_OBJC_ARC = YES;
				CLANG_ENABLE_OBJC_WEAK = YES;
				CLANG_WARN_BLOCK_CAPTURE_AUTORELEASING = YES;
				CLANG_WARN_BOOL_CONVERSION = YES;
				CLANG_WARN_COMMA = YES;
				CLANG_WARN_CONSTANT_CONVERSION = YES;
				CLANG_WARN_DEPRECATED_OBJC_IMPLEMENTATIONS = YES;
				CLANG_WARN_DIRECT_OBJC_ISA_USAGE = YES_ERROR;
				CLANG_WARN_DOCUMENTATION_COMMENTS = YES;
				CLANG_WARN_EMPTY_BODY = YES;
				CLANG_WARN_ENUM_CONVERSION = YES;
				CLANG_WARN_INFINITE_RECURSION = YES;
				CLANG_WARN_INT_CONVERSION = YES;
				CLANG_WARN_NON_LITERAL_NULL_CONVERSION = YES;
				CLANG_WARN_OBJC_IMPLICIT_RETAIN_SELF = YES;
				CLANG_WARN_OBJC_LITERAL_CONVERSION = YES;
				CLANG_WARN_OBJC_ROOT_CLASS = YES_ERROR;
				CLANG_WARN_QUOTED_INCLUDE_IN_FRAMEWORK_HEADER = YES;
				CLANG_WARN_RANGE_LOOP_ANALYSIS = YES;
				CLANG_WARN_STRICT_PROTOTYPES = YES;
				CLANG_WARN_SUSPICIOUS_MOVE = YES;
				CLANG_WARN_UNGUARDED_AVAILABILITY = YES_AGGRESSIVE;
				CLANG_WARN_UNREACHABLE_CODE = YES;
				CLANG_WARN__DUPLICATE_METHOD_MATCH = YES;
				COPY_PHASE_STRIP = NO;
				DEBUG_INFORMATION_FORMAT = dwarf;
				ENABLE_STRICT_OBJC_MSGSEND = YES;
				ENABLE_TESTABILITY = YES;
				GCC_C_LANGUAGE_STANDARD = gnu11;
				GCC_DYNAMIC_NO_PIC = NO;
				GCC_NO_COMMON_BLOCKS = YES;
				GCC_OPTIMIZATION_LEVEL = 0;
				GCC_PREPROCESSOR_DEFINITIONS = (
					"DEBUG=1",
					"$(inherited)",
				);
				GCC_WARN_64_TO_32_BIT_CONVERSION = YES;
				GCC_WARN_ABOUT_RETURN_TYPE = YES_ERROR;
				GCC_WARN_UNDECLARED_SELECTOR = YES;
				GCC_WARN_UNINITIALIZED_AUTOS = YES_AGGRESSIVE;
				GCC_WARN_UNUSED_FUNCTION = YES;
				GCC_WARN_UNUSED_VARIABLE = YES;
				IPHONEOS_DEPLOYMENT_TARGET = 16.4;
				MTL_ENABLE_DEBUG_INFO = INCLUDE_SOURCE;
				MTL_FAST_MATH = YES;
				ONLY_ACTIVE_ARCH = YES;
				SDKROOT = iphoneos;
				SWIFT_ACTIVE_COMPILATION_CONDITIONS = DEBUG;
				SWIFT_OPTIMIZATION_LEVEL = "-Onone";
			};
			name = Debug;
		};
		66602CAE2B18C0A2008B65C8 /* Release */ = {
			isa = XCBuildConfiguration;
			buildSettings = {
				ALWAYS_SEARCH_USER_PATHS = NO;
				CLANG_ANALYZER_NONNULL = YES;
				CLANG_ANALYZER_NUMBER_OBJECT_CONVERSION = YES_AGGRESSIVE;
				CLANG_CXX_LANGUAGE_STANDARD = "gnu++20";
				CLANG_ENABLE_MODULES = YES;
				CLANG_ENABLE_OBJC_ARC = YES;
				CLANG_ENABLE_OBJC_WEAK = YES;
				CLANG_WARN_BLOCK_CAPTURE_AUTORELEASING = YES;
				CLANG_WARN_BOOL_CONVERSION = YES;
				CLANG_WARN_COMMA = YES;
				CLANG_WARN_CONSTANT_CONVERSION = YES;
				CLANG_WARN_DEPRECATED_OBJC_IMPLEMENTATIONS = YES;
				CLANG_WARN_DIRECT_OBJC_ISA_USAGE = YES_ERROR;
				CLANG_WARN_DOCUMENTATION_COMMENTS = YES;
				CLANG_WARN_EMPTY_BODY = YES;
				CLANG_WARN_ENUM_CONVERSION = YES;
				CLANG_WARN_INFINITE_RECURSION = YES;
				CLANG_WARN_INT_CONVERSION = YES;
				CLANG_WARN_NON_LITERAL_NULL_CONVERSION = YES;
				CLANG_WARN_OBJC_IMPLICIT_RETAIN_SELF = YES;
				CLANG_WARN_OBJC_LITERAL_CONVERSION = YES;
				CLANG_WARN_OBJC_ROOT_CLASS = YES_ERROR;
				CLANG_WARN_QUOTED_INCLUDE_IN_FRAMEWORK_HEADER = YES;
				CLANG_WARN_RANGE_LOOP_ANALYSIS = YES;
				CLANG_WARN_STRICT_PROTOTYPES = YES;
				CLANG_WARN_SUSPICIOUS_MOVE = YES;
				CLANG_WARN_UNGUARDED_AVAILABILITY = YES_AGGRESSIVE;
				CLANG_WARN_UNREACHABLE_CODE = YES;
				CLANG_WARN__DUPLICATE_METHOD_MATCH = YES;
				COPY_PHASE_STRIP = NO;
				DEBUG_INFORMATION_FORMAT = "dwarf-with-dsym";
				ENABLE_NS_ASSERTIONS = NO;
				ENABLE_STRICT_OBJC_MSGSEND = YES;
				GCC_C_LANGUAGE_STANDARD = gnu11;
				GCC_NO_COMMON_BLOCKS = YES;
				GCC_WARN_64_TO_32_BIT_CONVERSION = YES;
				GCC_WARN_ABOUT_RETURN_TYPE = YES_ERROR;
				GCC_WARN_UNDECLARED_SELECTOR = YES;
				GCC_WARN_UNINITIALIZED_AUTOS = YES_AGGRESSIVE;
				GCC_WARN_UNUSED_FUNCTION = YES;
				GCC_WARN_UNUSED_VARIABLE = YES;
				IPHONEOS_DEPLOYMENT_TARGET = 16.4;
				MTL_ENABLE_DEBUG_INFO = NO;
				MTL_FAST_MATH = YES;
				SDKROOT = iphoneos;
				SWIFT_COMPILATION_MODE = wholemodule;
				SWIFT_OPTIMIZATION_LEVEL = "-O";
				VALIDATE_PRODUCT = YES;
			};
			name = Release;
		};
		66602CB02B18C0A2008B65C8 /* Debug */ = {
			isa = XCBuildConfiguration;
			buildSettings = {
				ASSETCATALOG_COMPILER_APPICON_NAME = AppIcon;
				ASSETCATALOG_COMPILER_GLOBAL_ACCENT_COLOR_NAME = AccentColor;
				CODE_SIGN_STYLE = Automatic;
				CURRENT_PROJECT_VERSION = 1;
				GENERATE_INFOPLIST_FILE = YES;
				INFOPLIST_FILE = MonteCarlo/Info.plist;
				INFOPLIST_KEY_UIApplicationSupportsIndirectInputEvents = YES;
				INFOPLIST_KEY_UILaunchStoryboardName = LaunchScreen;
				INFOPLIST_KEY_UIMainStoryboardFile = Main;
				INFOPLIST_KEY_UISupportedInterfaceOrientations_iPad = "UIInterfaceOrientationPortrait UIInterfaceOrientationPortraitUpsideDown UIInterfaceOrientationLandscapeLeft UIInterfaceOrientationLandscapeRight";
				INFOPLIST_KEY_UISupportedInterfaceOrientations_iPhone = "UIInterfaceOrientationPortrait UIInterfaceOrientationLandscapeLeft UIInterfaceOrientationLandscapeRight";
				LD_RUNPATH_SEARCH_PATHS = (
					"$(inherited)",
					"@executable_path/Frameworks",
				);
				MARKETING_VERSION = 1.0;
				PRODUCT_BUNDLE_IDENTIFIER = "upjv-miage.MonteCarlo";
				PRODUCT_NAME = "$(TARGET_NAME)";
				SWIFT_EMIT_LOC_STRINGS = YES;
				SWIFT_VERSION = 5.0;
				TARGETED_DEVICE_FAMILY = "1,2";
			};
			name = Debug;
		};
		66602CB12B18C0A2008B65C8 /* Release */ = {
			isa = XCBuildConfiguration;
			buildSettings = {
				ASSETCATALOG_COMPILER_APPICON_NAME = AppIcon;
				ASSETCATALOG_COMPILER_GLOBAL_ACCENT_COLOR_NAME = AccentColor;
				CODE_SIGN_STYLE = Automatic;
				CURRENT_PROJECT_VERSION = 1;
				GENERATE_INFOPLIST_FILE = YES;
				INFOPLIST_FILE = MonteCarlo/Info.plist;
				INFOPLIST_KEY_UIApplicationSupportsIndirectInputEvents = YES;
				INFOPLIST_KEY_UILaunchStoryboardName = LaunchScreen;
				INFOPLIST_KEY_UIMainStoryboardFile = Main;
				INFOPLIST_KEY_UISupportedInterfaceOrientations_iPad = "UIInterfaceOrientationPortrait UIInterfaceOrientationPortraitUpsideDown UIInterfaceOrientationLandscapeLeft UIInterfaceOrientationLandscapeRight";
				INFOPLIST_KEY_UISupportedInterfaceOrientations_iPhone = "UIInterfaceOrientationPortrait UIInterfaceOrientationLandscapeLeft UIInterfaceOrientationLandscapeRight";
				LD_RUNPATH_SEARCH_PATHS = (
					"$(inherited)",
					"@executable_path/Frameworks",
				);
				MARKETING_VERSION = 1.0;
				PRODUCT_BUNDLE_IDENTIFIER = "upjv-miage.MonteCarlo";
				PRODUCT_NAME = "$(TARGET_NAME)";
				SWIFT_EMIT_LOC_STRINGS = YES;
				SWIFT_VERSION = 5.0;
				TARGETED_DEVICE_FAMILY = "1,2";
			};
			name = Release;
		};
		66602CB32B18C0A2008B65C8 /* Debug */ = {
			isa = XCBuildConfiguration;
			buildSettings = {
				ALWAYS_EMBED_SWIFT_STANDARD_LIBRARIES = YES;
				BUNDLE_LOADER = "$(TEST_HOST)";
				CODE_SIGN_STYLE = Automatic;
				CURRENT_PROJECT_VERSION = 1;
				GENERATE_INFOPLIST_FILE = YES;
				IPHONEOS_DEPLOYMENT_TARGET = 16.4;
				MARKETING_VERSION = 1.0;
				PRODUCT_BUNDLE_IDENTIFIER = "upjv-miage.MonteCarloTests";
				PRODUCT_NAME = "$(TARGET_NAME)";
				SWIFT_EMIT_LOC_STRINGS = NO;
				SWIFT_VERSION = 5.0;
				TARGETED_DEVICE_FAMILY = "1,2";
				TEST_HOST = "$(BUILT_PRODUCTS_DIR)/MonteCarlo.app/$(BUNDLE_EXECUTABLE_FOLDER_PATH)/MonteCarlo";
			};
			name = Debug;
		};
		66602CB42B18C0A2008B65C8 /* Release */ = {
			isa = XCBuildConfiguration;
			buildSettings = {
				ALWAYS_EMBED_SWIFT_STANDARD_LIBRARIES = YES;
				BUNDLE_LOADER = "$(TEST_HOST)";
				CODE_SIGN_STYLE = Automatic;
				CURRENT_PROJECT_VERSION = 1;
				GENERATE_INFOPLIST_FILE = YES;
				IPHONEOS_DEPLOYMENT_TARGET = 16.4;
				MARKETING_VERSION = 1.0;
				PRODUCT_BUNDLE_IDENTIFIER = "upjv-miage.MonteCarloTests";
				PRODUCT_NAME = "$(TARGET_NAME)";
				SWIFT_EMIT_LOC_STRINGS = NO;
				SWIFT_VERSION = 5.0;
				TARGETED_DEVICE_FAMILY = "1,2";
				TEST_HOST = "$(BUILT_PRODUCTS_DIR)/MonteCarlo.app/$(BUNDLE_EXECUTABLE_FOLDER_PATH)/MonteCarlo";
			};
			name = Release;
		};
		66602CB62B18C0A2008B65C8 /* Debug */ = {
			isa = XCBuildConfiguration;
			buildSettings = {
				ALWAYS_EMBED_SWIFT_STANDARD_LIBRARIES = YES;
				CODE_SIGN_STYLE = Automatic;
				CURRENT_PROJECT_VERSION = 1;
				GENERATE_INFOPLIST_FILE = YES;
				MARKETING_VERSION = 1.0;
				PRODUCT_BUNDLE_IDENTIFIER = "upjv-miage.MonteCarloUITests";
				PRODUCT_NAME = "$(TARGET_NAME)";
				SWIFT_EMIT_LOC_STRINGS = NO;
				SWIFT_VERSION = 5.0;
				TARGETED_DEVICE_FAMILY = "1,2";
				TEST_TARGET_NAME = MonteCarlo;
			};
			name = Debug;
		};
		66602CB72B18C0A2008B65C8 /* Release */ = {
			isa = XCBuildConfiguration;
			buildSettings = {
				ALWAYS_EMBED_SWIFT_STANDARD_LIBRARIES = YES;
				CODE_SIGN_STYLE = Automatic;
				CURRENT_PROJECT_VERSION = 1;
				GENERATE_INFOPLIST_FILE = YES;
				MARKETING_VERSION = 1.0;
				PRODUCT_BUNDLE_IDENTIFIER = "upjv-miage.MonteCarloUITests";
				PRODUCT_NAME = "$(TARGET_NAME)";
				SWIFT_EMIT_LOC_STRINGS = NO;
				SWIFT_VERSION = 5.0;
				TARGETED_DEVICE_FAMILY = "1,2";
				TEST_TARGET_NAME = MonteCarlo;
			};
			name = Release;
		};
/* End XCBuildConfiguration section */

/* Begin XCConfigurationList section */
		66602C802B18C0A1008B65C8 /* Build configuration list for PBXProject "MonteCarlo" */ = {
			isa = XCConfigurationList;
			buildConfigurations = (
				66602CAD2B18C0A2008B65C8 /* Debug */,
				66602CAE2B18C0A2008B65C8 /* Release */,
			);
			defaultConfigurationIsVisible = 0;
			defaultConfigurationName = Release;
		};
		66602CAF2B18C0A2008B65C8 /* Build configuration list for PBXNativeTarget "MonteCarlo" */ = {
			isa = XCConfigurationList;
			buildConfigurations = (
				66602CB02B18C0A2008B65C8 /* Debug */,
				66602CB12B18C0A2008B65C8 /* Release */,
			);
			defaultConfigurationIsVisible = 0;
			defaultConfigurationName = Release;
		};
		66602CB22B18C0A2008B65C8 /* Build configuration list for PBXNativeTarget "MonteCarloTests" */ = {
			isa = XCConfigurationList;
			buildConfigurations = (
				66602CB32B18C0A2008B65C8 /* Debug */,
				66602CB42B18C0A2008B65C8 /* Release */,
			);
			defaultConfigurationIsVisible = 0;
			defaultConfigurationName = Release;
		};
		66602CB52B18C0A2008B65C8 /* Build configuration list for PBXNativeTarget "MonteCarloUITests" */ = {
			isa = XCConfigurationList;
			buildConfigurations = (
				66602CB62B18C0A2008B65C8 /* Debug */,
				66602CB72B18C0A2008B65C8 /* Release */,
			);
			defaultConfigurationIsVisible = 0;
			defaultConfigurationName = Release;
		};
/* End XCConfigurationList section */
	};
	rootObject = 66602C7D2B18C0A1008B65C8 /* Project object */;
}
